// !$*UTF8*$!
{
	archiveVersion = 1;
	classes = {
	};
	objectVersion = 46;
	objects = {

/* Begin PBXBuildFile section */
		13BE3DEE1AC21097009241FE /* RNSync.m in Sources */ = {isa = PBXBuildFile; fileRef = 13BE3DED1AC21097009241FE /* RNSync.m */; };
		A8295ABD1E2D7B8B0092445D /* Replicator.m in Sources */ = {isa = PBXBuildFile; fileRef = A8295AB91E2D7B8B0092445D /* Replicator.m */; };
		A8295ABE1E2D7B8B0092445D /* ReplicationManager.m in Sources */ = {isa = PBXBuildFile; fileRef = A8295ABB1E2D7B8B0092445D /* ReplicationManager.m */; };
/* End PBXBuildFile section */

/* Begin PBXCopyFilesBuildPhase section */
		58B511D91A9E6C8500147676 /* CopyFiles */ = {
			isa = PBXCopyFilesBuildPhase;
			buildActionMask = 2147483647;
			dstPath = "include/$(PRODUCT_NAME)";
			dstSubfolderSpec = 16;
			files = (
			);
			runOnlyForDeploymentPostprocessing = 0;
		};
/* End PBXCopyFilesBuildPhase section */

/* Begin PBXFileReference section */
		134814201AA4EA6300B7C361 /* libRNSync.a */ = {isa = PBXFileReference; explicitFileType = archive.ar; includeInIndex = 0; path = libRNSync.a; sourceTree = BUILT_PRODUCTS_DIR; };
		13BE3DEC1AC21097009241FE /* RNSync.h */ = {isa = PBXFileReference; fileEncoding = 4; lastKnownFileType = sourcecode.c.h; path = RNSync.h; sourceTree = "<group>"; };
		13BE3DED1AC21097009241FE /* RNSync.m */ = {isa = PBXFileReference; fileEncoding = 4; lastKnownFileType = sourcecode.c.objc; path = RNSync.m; sourceTree = "<group>"; };
		A8295AB91E2D7B8B0092445D /* Replicator.m */ = {isa = PBXFileReference; fileEncoding = 4; lastKnownFileType = sourcecode.c.objc; path = Replicator.m; sourceTree = "<group>"; };
		A8295ABA1E2D7B8B0092445D /* Replicator.h */ = {isa = PBXFileReference; fileEncoding = 4; lastKnownFileType = sourcecode.c.h; path = Replicator.h; sourceTree = "<group>"; };
		A8295ABB1E2D7B8B0092445D /* ReplicationManager.m */ = {isa = PBXFileReference; fileEncoding = 4; lastKnownFileType = sourcecode.c.objc; path = ReplicationManager.m; sourceTree = "<group>"; };
		A8295ABC1E2D7B8B0092445D /* ReplicationManager.h */ = {isa = PBXFileReference; fileEncoding = 4; lastKnownFileType = sourcecode.c.h; path = ReplicationManager.h; sourceTree = "<group>"; };
		A8295AEA1E2D7F950092445D /* CDTAttachment.h */ = {isa = PBXFileReference; lastKnownFileType = sourcecode.c.h; path = CDTAttachment.h; sourceTree = "<group>"; };
		A8295AEB1E2D7F950092445D /* CDTAttachment.m */ = {isa = PBXFileReference; lastKnownFileType = sourcecode.c.objc; path = CDTAttachment.m; sourceTree = "<group>"; };
		A8295AEC1E2D7F950092445D /* CDTBlobData.h */ = {isa = PBXFileReference; lastKnownFileType = sourcecode.c.h; path = CDTBlobData.h; sourceTree = "<group>"; };
		A8295AED1E2D7F950092445D /* CDTBlobData.m */ = {isa = PBXFileReference; lastKnownFileType = sourcecode.c.objc; path = CDTBlobData.m; sourceTree = "<group>"; };
		A8295AEE1E2D7F950092445D /* CDTBlobReader.h */ = {isa = PBXFileReference; lastKnownFileType = sourcecode.c.h; path = CDTBlobReader.h; sourceTree = "<group>"; };
		A8295AEF1E2D7F950092445D /* CDTBlobWriter.h */ = {isa = PBXFileReference; lastKnownFileType = sourcecode.c.h; path = CDTBlobWriter.h; sourceTree = "<group>"; };
		A8295AF01E2D7F950092445D /* CDTDatastore+Attachments.h */ = {isa = PBXFileReference; lastKnownFileType = sourcecode.c.h; path = "CDTDatastore+Attachments.h"; sourceTree = "<group>"; };
		A8295AF11E2D7F950092445D /* CDTDatastore+Attachments.m */ = {isa = PBXFileReference; lastKnownFileType = sourcecode.c.objc; path = "CDTDatastore+Attachments.m"; sourceTree = "<group>"; };
		A8295AF21E2D7F950092445D /* CDTConflictResolver.h */ = {isa = PBXFileReference; lastKnownFileType = sourcecode.c.h; path = CDTConflictResolver.h; sourceTree = "<group>"; };
		A8295AF31E2D7F950092445D /* CDTDatastore+Conflicts.h */ = {isa = PBXFileReference; lastKnownFileType = sourcecode.c.h; path = "CDTDatastore+Conflicts.h"; sourceTree = "<group>"; };
		A8295AF41E2D7F950092445D /* CDTDatastore+Conflicts.m */ = {isa = PBXFileReference; lastKnownFileType = sourcecode.c.objc; path = "CDTDatastore+Conflicts.m"; sourceTree = "<group>"; };
		A8295AF51E2D7F950092445D /* CDTDatastore+Internal.h */ = {isa = PBXFileReference; lastKnownFileType = sourcecode.c.h; path = "CDTDatastore+Internal.h"; sourceTree = "<group>"; };
		A8295AF61E2D7F950092445D /* CDTDatastore+Internal.m */ = {isa = PBXFileReference; lastKnownFileType = sourcecode.c.objc; path = "CDTDatastore+Internal.m"; sourceTree = "<group>"; };
		A8295AF71E2D7F950092445D /* CDTDatastore.h */ = {isa = PBXFileReference; lastKnownFileType = sourcecode.c.h; path = CDTDatastore.h; sourceTree = "<group>"; };
		A8295AF81E2D7F950092445D /* CDTDatastore.m */ = {isa = PBXFileReference; lastKnownFileType = sourcecode.c.objc; path = CDTDatastore.m; sourceTree = "<group>"; };
		A8295AF91E2D7F950092445D /* CDTDatastoreManager.h */ = {isa = PBXFileReference; lastKnownFileType = sourcecode.c.h; path = CDTDatastoreManager.h; sourceTree = "<group>"; };
		A8295AFA1E2D7F950092445D /* CDTDatastoreManager.m */ = {isa = PBXFileReference; lastKnownFileType = sourcecode.c.objc; path = CDTDatastoreManager.m; sourceTree = "<group>"; };
		A8295AFB1E2D7F950092445D /* CDTDefines.h */ = {isa = PBXFileReference; lastKnownFileType = sourcecode.c.h; path = CDTDefines.h; sourceTree = "<group>"; };
		A8295AFC1E2D7F950092445D /* CDTDocumentRevision.h */ = {isa = PBXFileReference; lastKnownFileType = sourcecode.c.h; path = CDTDocumentRevision.h; sourceTree = "<group>"; };
		A8295AFD1E2D7F950092445D /* CDTDocumentRevision.m */ = {isa = PBXFileReference; lastKnownFileType = sourcecode.c.objc; path = CDTDocumentRevision.m; sourceTree = "<group>"; };
		A8295AFE1E2D7F950092445D /* CDTFetchChanges.h */ = {isa = PBXFileReference; lastKnownFileType = sourcecode.c.h; path = CDTFetchChanges.h; sourceTree = "<group>"; };
		A8295AFF1E2D7F950092445D /* CDTFetchChanges.m */ = {isa = PBXFileReference; lastKnownFileType = sourcecode.c.objc; path = CDTFetchChanges.m; sourceTree = "<group>"; };
		A8295B001E2D7F950092445D /* CDTLogging.h */ = {isa = PBXFileReference; lastKnownFileType = sourcecode.c.h; path = CDTLogging.h; sourceTree = "<group>"; };
		A8295B011E2D7F950092445D /* CDTLogging.m */ = {isa = PBXFileReference; lastKnownFileType = sourcecode.c.objc; path = CDTLogging.m; sourceTree = "<group>"; };
		A8295B021E2D7F950092445D /* CDTMacros.h */ = {isa = PBXFileReference; lastKnownFileType = sourcecode.c.h; path = CDTMacros.h; sourceTree = "<group>"; };
		A8295B031E2D7F950092445D /* CDTMisc.h */ = {isa = PBXFileReference; lastKnownFileType = sourcecode.c.h; path = CDTMisc.h; sourceTree = "<group>"; };
		A8295B041E2D7F950092445D /* CDTMisc.m */ = {isa = PBXFileReference; lastKnownFileType = sourcecode.c.objc; path = CDTMisc.m; sourceTree = "<group>"; };
		A8295B061E2D7F950092445D /* CDTAbstractReplication.h */ = {isa = PBXFileReference; lastKnownFileType = sourcecode.c.h; path = CDTAbstractReplication.h; sourceTree = "<group>"; };
		A8295B071E2D7F950092445D /* CDTAbstractReplication.m */ = {isa = PBXFileReference; lastKnownFileType = sourcecode.c.objc; path = CDTAbstractReplication.m; sourceTree = "<group>"; };
		A8295B081E2D7F950092445D /* CDTDatastore+Replication.h */ = {isa = PBXFileReference; lastKnownFileType = sourcecode.c.h; path = "CDTDatastore+Replication.h"; sourceTree = "<group>"; };
		A8295B091E2D7F950092445D /* CDTDatastore+Replication.m */ = {isa = PBXFileReference; lastKnownFileType = sourcecode.c.objc; path = "CDTDatastore+Replication.m"; sourceTree = "<group>"; };
		A8295B0A1E2D7F950092445D /* CDTNSURLSessionConfigurationDelegate.h */ = {isa = PBXFileReference; lastKnownFileType = sourcecode.c.h; path = CDTNSURLSessionConfigurationDelegate.h; sourceTree = "<group>"; };
		A8295B0B1E2D7F950092445D /* CDTPullReplication.h */ = {isa = PBXFileReference; lastKnownFileType = sourcecode.c.h; path = CDTPullReplication.h; sourceTree = "<group>"; };
		A8295B0C1E2D7F950092445D /* CDTPullReplication.m */ = {isa = PBXFileReference; lastKnownFileType = sourcecode.c.objc; path = CDTPullReplication.m; sourceTree = "<group>"; };
		A8295B0D1E2D7F950092445D /* CDTPushReplication.h */ = {isa = PBXFileReference; lastKnownFileType = sourcecode.c.h; path = CDTPushReplication.h; sourceTree = "<group>"; };
		A8295B0E1E2D7F950092445D /* CDTPushReplication.m */ = {isa = PBXFileReference; lastKnownFileType = sourcecode.c.objc; path = CDTPushReplication.m; sourceTree = "<group>"; };
		A8295B0F1E2D7F950092445D /* CDTReplicator.h */ = {isa = PBXFileReference; lastKnownFileType = sourcecode.c.h; path = CDTReplicator.h; sourceTree = "<group>"; };
		A8295B101E2D7F950092445D /* CDTReplicator.m */ = {isa = PBXFileReference; lastKnownFileType = sourcecode.c.objc; path = CDTReplicator.m; sourceTree = "<group>"; };
		A8295B111E2D7F950092445D /* CDTReplicatorDelegate.h */ = {isa = PBXFileReference; lastKnownFileType = sourcecode.c.h; path = CDTReplicatorDelegate.h; sourceTree = "<group>"; };
		A8295B121E2D7F950092445D /* CDTReplicatorFactory.h */ = {isa = PBXFileReference; lastKnownFileType = sourcecode.c.h; path = CDTReplicatorFactory.h; sourceTree = "<group>"; };
		A8295B131E2D7F950092445D /* CDTReplicatorFactory.m */ = {isa = PBXFileReference; lastKnownFileType = sourcecode.c.objc; path = CDTReplicatorFactory.m; sourceTree = "<group>"; };
		A8295B141E2D7F950092445D /* CDTSQLiteHelpers.h */ = {isa = PBXFileReference; lastKnownFileType = sourcecode.c.h; path = CDTSQLiteHelpers.h; sourceTree = "<group>"; };
		A8295B151E2D7F950092445D /* CDTSQLiteHelpers.m */ = {isa = PBXFileReference; lastKnownFileType = sourcecode.c.objc; path = CDTSQLiteHelpers.m; sourceTree = "<group>"; };
		A8295B161E2D7F950092445D /* CloudantSync.h */ = {isa = PBXFileReference; lastKnownFileType = sourcecode.c.h; path = CloudantSync.h; sourceTree = "<group>"; };
		A8295B191E2D7F950092445D /* CDTBlobEncryptedData+Internal.h */ = {isa = PBXFileReference; lastKnownFileType = sourcecode.c.h; path = "CDTBlobEncryptedData+Internal.h"; sourceTree = "<group>"; };
		A8295B1A1E2D7F950092445D /* CDTBlobEncryptedData.h */ = {isa = PBXFileReference; lastKnownFileType = sourcecode.c.h; path = CDTBlobEncryptedData.h; sourceTree = "<group>"; };
		A8295B1B1E2D7F950092445D /* CDTBlobEncryptedData.m */ = {isa = PBXFileReference; lastKnownFileType = sourcecode.c.objc; path = CDTBlobEncryptedData.m; sourceTree = "<group>"; };
		A8295B1C1E2D7F950092445D /* CDTBlobEncryptedDataConstants.h */ = {isa = PBXFileReference; lastKnownFileType = sourcecode.c.h; path = CDTBlobEncryptedDataConstants.h; sourceTree = "<group>"; };
		A8295B1D1E2D7F950092445D /* CDTBlobHandleFactory.h */ = {isa = PBXFileReference; lastKnownFileType = sourcecode.c.h; path = CDTBlobHandleFactory.h; sourceTree = "<group>"; };
		A8295B1E1E2D7F950092445D /* CDTBlobHandleFactory.m */ = {isa = PBXFileReference; lastKnownFileType = sourcecode.c.objc; path = CDTBlobHandleFactory.m; sourceTree = "<group>"; };
		A8295B1F1E2D7F950092445D /* CDTDatastore+EncryptionKey.h */ = {isa = PBXFileReference; lastKnownFileType = sourcecode.c.h; path = "CDTDatastore+EncryptionKey.h"; sourceTree = "<group>"; };
		A8295B201E2D7F950092445D /* CDTDatastoreManager+EncryptionKey.h */ = {isa = PBXFileReference; lastKnownFileType = sourcecode.c.h; path = "CDTDatastoreManager+EncryptionKey.h"; sourceTree = "<group>"; };
		A8295B211E2D7F950092445D /* CDTEncryptionKey.h */ = {isa = PBXFileReference; lastKnownFileType = sourcecode.c.h; path = CDTEncryptionKey.h; sourceTree = "<group>"; };
		A8295B221E2D7F950092445D /* CDTEncryptionKey.m */ = {isa = PBXFileReference; lastKnownFileType = sourcecode.c.objc; path = CDTEncryptionKey.m; sourceTree = "<group>"; };
		A8295B231E2D7F950092445D /* CDTEncryptionKeyNilProvider.h */ = {isa = PBXFileReference; lastKnownFileType = sourcecode.c.h; path = CDTEncryptionKeyNilProvider.h; sourceTree = "<group>"; };
		A8295B241E2D7F950092445D /* CDTEncryptionKeyNilProvider.m */ = {isa = PBXFileReference; lastKnownFileType = sourcecode.c.objc; path = CDTEncryptionKeyNilProvider.m; sourceTree = "<group>"; };
		A8295B251E2D7F950092445D /* CDTEncryptionKeyProvider.h */ = {isa = PBXFileReference; lastKnownFileType = sourcecode.c.h; path = CDTEncryptionKeyProvider.h; sourceTree = "<group>"; };
		A8295B261E2D7F950092445D /* CDTEncryptionKeySimpleProvider.h */ = {isa = PBXFileReference; lastKnownFileType = sourcecode.c.h; path = CDTEncryptionKeySimpleProvider.h; sourceTree = "<group>"; };
		A8295B271E2D7F950092445D /* CDTEncryptionKeySimpleProvider.m */ = {isa = PBXFileReference; lastKnownFileType = sourcecode.c.objc; path = CDTEncryptionKeySimpleProvider.m; sourceTree = "<group>"; };
		A8295B281E2D7F950092445D /* CloudantSyncEncryption.h */ = {isa = PBXFileReference; lastKnownFileType = sourcecode.c.h; path = CloudantSyncEncryption.h; sourceTree = "<group>"; };
		A8295B291E2D7F950092445D /* FMDatabase+EncryptionKey.h */ = {isa = PBXFileReference; lastKnownFileType = sourcecode.c.h; path = "FMDatabase+EncryptionKey.h"; sourceTree = "<group>"; };
		A8295B2A1E2D7F950092445D /* FMDatabase+EncryptionKey.m */ = {isa = PBXFileReference; lastKnownFileType = sourcecode.c.objc; path = "FMDatabase+EncryptionKey.m"; sourceTree = "<group>"; };
		A8295B2C1E2D7F950092445D /* CDTEncryptionKeychainConstants.h */ = {isa = PBXFileReference; lastKnownFileType = sourcecode.c.h; path = CDTEncryptionKeychainConstants.h; sourceTree = "<group>"; };
		A8295B2D1E2D7F950092445D /* CDTEncryptionKeychainData.h */ = {isa = PBXFileReference; lastKnownFileType = sourcecode.c.h; path = CDTEncryptionKeychainData.h; sourceTree = "<group>"; };
		A8295B2E1E2D7F950092445D /* CDTEncryptionKeychainData.m */ = {isa = PBXFileReference; lastKnownFileType = sourcecode.c.objc; path = CDTEncryptionKeychainData.m; sourceTree = "<group>"; };
		A8295B2F1E2D7F950092445D /* CDTEncryptionKeychainManager+Internal.h */ = {isa = PBXFileReference; lastKnownFileType = sourcecode.c.h; path = "CDTEncryptionKeychainManager+Internal.h"; sourceTree = "<group>"; };
		A8295B301E2D7F950092445D /* CDTEncryptionKeychainManager.h */ = {isa = PBXFileReference; lastKnownFileType = sourcecode.c.h; path = CDTEncryptionKeychainManager.h; sourceTree = "<group>"; };
		A8295B311E2D7F950092445D /* CDTEncryptionKeychainManager.m */ = {isa = PBXFileReference; lastKnownFileType = sourcecode.c.objc; path = CDTEncryptionKeychainManager.m; sourceTree = "<group>"; };
		A8295B321E2D7F950092445D /* CDTEncryptionKeychainProvider+Internal.h */ = {isa = PBXFileReference; lastKnownFileType = sourcecode.c.h; path = "CDTEncryptionKeychainProvider+Internal.h"; sourceTree = "<group>"; };
		A8295B331E2D7F950092445D /* CDTEncryptionKeychainProvider.h */ = {isa = PBXFileReference; lastKnownFileType = sourcecode.c.h; path = CDTEncryptionKeychainProvider.h; sourceTree = "<group>"; };
		A8295B341E2D7F950092445D /* CDTEncryptionKeychainProvider.m */ = {isa = PBXFileReference; lastKnownFileType = sourcecode.c.objc; path = CDTEncryptionKeychainProvider.m; sourceTree = "<group>"; };
		A8295B351E2D7F950092445D /* CDTEncryptionKeychainStorage.h */ = {isa = PBXFileReference; lastKnownFileType = sourcecode.c.h; path = CDTEncryptionKeychainStorage.h; sourceTree = "<group>"; };
		A8295B361E2D7F950092445D /* CDTEncryptionKeychainStorage.m */ = {isa = PBXFileReference; lastKnownFileType = sourcecode.c.objc; path = CDTEncryptionKeychainStorage.m; sourceTree = "<group>"; };
		A8295B371E2D7F950092445D /* CDTEncryptionKeychainUtils+AES.h */ = {isa = PBXFileReference; lastKnownFileType = sourcecode.c.h; path = "CDTEncryptionKeychainUtils+AES.h"; sourceTree = "<group>"; };
		A8295B381E2D7F950092445D /* CDTEncryptionKeychainUtils+AES.m */ = {isa = PBXFileReference; lastKnownFileType = sourcecode.c.objc; path = "CDTEncryptionKeychainUtils+AES.m"; sourceTree = "<group>"; };
		A8295B391E2D7F950092445D /* CDTEncryptionKeychainUtils+PBKDF2.h */ = {isa = PBXFileReference; lastKnownFileType = sourcecode.c.h; path = "CDTEncryptionKeychainUtils+PBKDF2.h"; sourceTree = "<group>"; };
		A8295B3A1E2D7F950092445D /* CDTEncryptionKeychainUtils+PBKDF2.m */ = {isa = PBXFileReference; lastKnownFileType = sourcecode.c.objc; path = "CDTEncryptionKeychainUtils+PBKDF2.m"; sourceTree = "<group>"; };
		A8295B3B1E2D7F950092445D /* CDTEncryptionKeychainUtils.h */ = {isa = PBXFileReference; lastKnownFileType = sourcecode.c.h; path = CDTEncryptionKeychainUtils.h; sourceTree = "<group>"; };
		A8295B3C1E2D7F950092445D /* CDTEncryptionKeychainUtils.m */ = {isa = PBXFileReference; lastKnownFileType = sourcecode.c.objc; path = CDTEncryptionKeychainUtils.m; sourceTree = "<group>"; };
		A8295B3E1E2D7F950092445D /* FMDatabase+LongLong.h */ = {isa = PBXFileReference; lastKnownFileType = sourcecode.c.h; path = "FMDatabase+LongLong.h"; sourceTree = "<group>"; };
		A8295B3F1E2D7F950092445D /* FMDatabase+LongLong.m */ = {isa = PBXFileReference; lastKnownFileType = sourcecode.c.objc; path = "FMDatabase+LongLong.m"; sourceTree = "<group>"; };
		A8295B411E2D7F950092445D /* CDTHTTPInterceptor.h */ = {isa = PBXFileReference; lastKnownFileType = sourcecode.c.h; path = CDTHTTPInterceptor.h; sourceTree = "<group>"; };
		A8295B421E2D7F950092445D /* CDTHTTPInterceptorContext.h */ = {isa = PBXFileReference; lastKnownFileType = sourcecode.c.h; path = CDTHTTPInterceptorContext.h; sourceTree = "<group>"; };
		A8295B431E2D7F950092445D /* CDTHTTPInterceptorContext.m */ = {isa = PBXFileReference; lastKnownFileType = sourcecode.c.objc; path = CDTHTTPInterceptorContext.m; sourceTree = "<group>"; };
		A8295B441E2D7F950092445D /* CDTReplay429Interceptor.h */ = {isa = PBXFileReference; lastKnownFileType = sourcecode.c.h; path = CDTReplay429Interceptor.h; sourceTree = "<group>"; };
		A8295B451E2D7F950092445D /* CDTReplay429Interceptor.m */ = {isa = PBXFileReference; lastKnownFileType = sourcecode.c.objc; path = CDTReplay429Interceptor.m; sourceTree = "<group>"; };
		A8295B461E2D7F950092445D /* CDTSessionCookieInterceptor.h */ = {isa = PBXFileReference; lastKnownFileType = sourcecode.c.h; path = CDTSessionCookieInterceptor.h; sourceTree = "<group>"; };
		A8295B471E2D7F950092445D /* CDTSessionCookieInterceptor.m */ = {isa = PBXFileReference; lastKnownFileType = sourcecode.c.objc; path = CDTSessionCookieInterceptor.m; sourceTree = "<group>"; };
		A8295B481E2D7F950092445D /* CDTURLSession.h */ = {isa = PBXFileReference; lastKnownFileType = sourcecode.c.h; path = CDTURLSession.h; sourceTree = "<group>"; };
		A8295B491E2D7F950092445D /* CDTURLSession.m */ = {isa = PBXFileReference; lastKnownFileType = sourcecode.c.objc; path = CDTURLSession.m; sourceTree = "<group>"; };
		A8295B4A1E2D7F950092445D /* CDTURLSessionTask.h */ = {isa = PBXFileReference; lastKnownFileType = sourcecode.c.h; path = CDTURLSessionTask.h; sourceTree = "<group>"; };
		A8295B4B1E2D7F950092445D /* CDTURLSessionTask.m */ = {isa = PBXFileReference; lastKnownFileType = sourcecode.c.objc; path = CDTURLSessionTask.m; sourceTree = "<group>"; };
		A8295B4C1E2D7F950092445D /* Info.plist */ = {isa = PBXFileReference; lastKnownFileType = text.plist.xml; path = Info.plist; sourceTree = "<group>"; };
		A8295B4E1E2D7F950092445D /* CDTDatastore+Query.h */ = {isa = PBXFileReference; lastKnownFileType = sourcecode.c.h; path = "CDTDatastore+Query.h"; sourceTree = "<group>"; };
		A8295B4F1E2D7F950092445D /* CDTDatastore+Query.m */ = {isa = PBXFileReference; lastKnownFileType = sourcecode.c.objc; path = "CDTDatastore+Query.m"; sourceTree = "<group>"; };
		A8295B501E2D7F950092445D /* CDTQIndex.h */ = {isa = PBXFileReference; lastKnownFileType = sourcecode.c.h; path = CDTQIndex.h; sourceTree = "<group>"; };
		A8295B511E2D7F950092445D /* CDTQIndex.m */ = {isa = PBXFileReference; lastKnownFileType = sourcecode.c.objc; path = CDTQIndex.m; sourceTree = "<group>"; };
		A8295B521E2D7F950092445D /* CDTQIndexCreator.h */ = {isa = PBXFileReference; lastKnownFileType = sourcecode.c.h; path = CDTQIndexCreator.h; sourceTree = "<group>"; };
		A8295B531E2D7F950092445D /* CDTQIndexCreator.m */ = {isa = PBXFileReference; lastKnownFileType = sourcecode.c.objc; path = CDTQIndexCreator.m; sourceTree = "<group>"; };
		A8295B541E2D7F950092445D /* CDTQIndexManager.h */ = {isa = PBXFileReference; lastKnownFileType = sourcecode.c.h; path = CDTQIndexManager.h; sourceTree = "<group>"; };
		A8295B551E2D7F950092445D /* CDTQIndexManager.m */ = {isa = PBXFileReference; lastKnownFileType = sourcecode.c.objc; path = CDTQIndexManager.m; sourceTree = "<group>"; };
		A8295B561E2D7F950092445D /* CDTQIndexUpdater.h */ = {isa = PBXFileReference; lastKnownFileType = sourcecode.c.h; path = CDTQIndexUpdater.h; sourceTree = "<group>"; };
		A8295B571E2D7F950092445D /* CDTQIndexUpdater.m */ = {isa = PBXFileReference; lastKnownFileType = sourcecode.c.objc; path = CDTQIndexUpdater.m; sourceTree = "<group>"; };
		A8295B581E2D7F950092445D /* CDTQLogging.h */ = {isa = PBXFileReference; lastKnownFileType = sourcecode.c.h; path = CDTQLogging.h; sourceTree = "<group>"; };
		A8295B591E2D7F950092445D /* CDTQProjectedDocumentRevision.h */ = {isa = PBXFileReference; lastKnownFileType = sourcecode.c.h; path = CDTQProjectedDocumentRevision.h; sourceTree = "<group>"; };
		A8295B5A1E2D7F950092445D /* CDTQProjectedDocumentRevision.m */ = {isa = PBXFileReference; lastKnownFileType = sourcecode.c.objc; path = CDTQProjectedDocumentRevision.m; sourceTree = "<group>"; };
		A8295B5B1E2D7F950092445D /* CDTQQueryConstants.h */ = {isa = PBXFileReference; lastKnownFileType = sourcecode.c.h; path = CDTQQueryConstants.h; sourceTree = "<group>"; };
		A8295B5C1E2D7F950092445D /* CDTQQueryConstants.m */ = {isa = PBXFileReference; lastKnownFileType = sourcecode.c.objc; path = CDTQQueryConstants.m; sourceTree = "<group>"; };
		A8295B5D1E2D7F950092445D /* CDTQQueryExecutor.h */ = {isa = PBXFileReference; lastKnownFileType = sourcecode.c.h; path = CDTQQueryExecutor.h; sourceTree = "<group>"; };
		A8295B5E1E2D7F950092445D /* CDTQQueryExecutor.m */ = {isa = PBXFileReference; lastKnownFileType = sourcecode.c.objc; path = CDTQQueryExecutor.m; sourceTree = "<group>"; };
		A8295B5F1E2D7F950092445D /* CDTQQuerySqlTranslator.h */ = {isa = PBXFileReference; lastKnownFileType = sourcecode.c.h; path = CDTQQuerySqlTranslator.h; sourceTree = "<group>"; };
		A8295B601E2D7F950092445D /* CDTQQuerySqlTranslator.m */ = {isa = PBXFileReference; lastKnownFileType = sourcecode.c.objc; path = CDTQQuerySqlTranslator.m; sourceTree = "<group>"; };
		A8295B611E2D7F950092445D /* CDTQQueryValidator.h */ = {isa = PBXFileReference; lastKnownFileType = sourcecode.c.h; path = CDTQQueryValidator.h; sourceTree = "<group>"; };
		A8295B621E2D7F950092445D /* CDTQQueryValidator.m */ = {isa = PBXFileReference; lastKnownFileType = sourcecode.c.objc; path = CDTQQueryValidator.m; sourceTree = "<group>"; };
		A8295B631E2D7F950092445D /* CDTQResultSet.h */ = {isa = PBXFileReference; lastKnownFileType = sourcecode.c.h; path = CDTQResultSet.h; sourceTree = "<group>"; };
		A8295B641E2D7F950092445D /* CDTQResultSet.m */ = {isa = PBXFileReference; lastKnownFileType = sourcecode.c.objc; path = CDTQResultSet.m; sourceTree = "<group>"; };
		A8295B651E2D7F950092445D /* CDTQUnindexedMatcher.h */ = {isa = PBXFileReference; lastKnownFileType = sourcecode.c.h; path = CDTQUnindexedMatcher.h; sourceTree = "<group>"; };
		A8295B661E2D7F950092445D /* CDTQUnindexedMatcher.m */ = {isa = PBXFileReference; lastKnownFileType = sourcecode.c.objc; path = CDTQUnindexedMatcher.m; sourceTree = "<group>"; };
		A8295B671E2D7F950092445D /* CDTQValueExtractor.h */ = {isa = PBXFileReference; lastKnownFileType = sourcecode.c.h; path = CDTQValueExtractor.h; sourceTree = "<group>"; };
		A8295B681E2D7F950092445D /* CDTQValueExtractor.m */ = {isa = PBXFileReference; lastKnownFileType = sourcecode.c.objc; path = CDTQValueExtractor.m; sourceTree = "<group>"; };
		A8295B6B1E2D7F950092445D /* TDChangeTracker.h */ = {isa = PBXFileReference; lastKnownFileType = sourcecode.c.h; path = TDChangeTracker.h; sourceTree = "<group>"; };
		A8295B6C1E2D7F950092445D /* TDChangeTracker.m */ = {isa = PBXFileReference; lastKnownFileType = sourcecode.c.objc; path = TDChangeTracker.m; sourceTree = "<group>"; };
		A8295B6D1E2D7F950092445D /* TDURLConnectionChangeTracker.h */ = {isa = PBXFileReference; lastKnownFileType = sourcecode.c.h; path = TDURLConnectionChangeTracker.h; sourceTree = "<group>"; };
		A8295B6E1E2D7F950092445D /* TDURLConnectionChangeTracker.m */ = {isa = PBXFileReference; lastKnownFileType = sourcecode.c.objc; path = TDURLConnectionChangeTracker.m; sourceTree = "<group>"; };
		A8295B6F1E2D7F950092445D /* TD_Attachment.h */ = {isa = PBXFileReference; lastKnownFileType = sourcecode.c.h; path = TD_Attachment.h; sourceTree = "<group>"; };
		A8295B701E2D7F950092445D /* TD_Attachment.m */ = {isa = PBXFileReference; lastKnownFileType = sourcecode.c.objc; path = TD_Attachment.m; sourceTree = "<group>"; };
		A8295B711E2D7F950092445D /* TD_Body.h */ = {isa = PBXFileReference; lastKnownFileType = sourcecode.c.h; path = TD_Body.h; sourceTree = "<group>"; };
		A8295B721E2D7F950092445D /* TD_Body.m */ = {isa = PBXFileReference; lastKnownFileType = sourcecode.c.objc; path = TD_Body.m; sourceTree = "<group>"; };
		A8295B731E2D7F950092445D /* TD_Database+Attachments.h */ = {isa = PBXFileReference; lastKnownFileType = sourcecode.c.h; path = "TD_Database+Attachments.h"; sourceTree = "<group>"; };
		A8295B741E2D7F950092445D /* TD_Database+Attachments.m */ = {isa = PBXFileReference; lastKnownFileType = sourcecode.c.objc; path = "TD_Database+Attachments.m"; sourceTree = "<group>"; };
		A8295B751E2D7F950092445D /* TD_Database+BlobFilenames.h */ = {isa = PBXFileReference; lastKnownFileType = sourcecode.c.h; path = "TD_Database+BlobFilenames.h"; sourceTree = "<group>"; };
		A8295B761E2D7F950092445D /* TD_Database+BlobFilenames.m */ = {isa = PBXFileReference; lastKnownFileType = sourcecode.c.objc; path = "TD_Database+BlobFilenames.m"; sourceTree = "<group>"; };
		A8295B771E2D7F950092445D /* TD_Database+Conflicts.h */ = {isa = PBXFileReference; lastKnownFileType = sourcecode.c.h; path = "TD_Database+Conflicts.h"; sourceTree = "<group>"; };
		A8295B781E2D7F950092445D /* TD_Database+Conflicts.m */ = {isa = PBXFileReference; lastKnownFileType = sourcecode.c.objc; path = "TD_Database+Conflicts.m"; sourceTree = "<group>"; };
		A8295B791E2D7F950092445D /* TD_Database+Insertion.h */ = {isa = PBXFileReference; lastKnownFileType = sourcecode.c.h; path = "TD_Database+Insertion.h"; sourceTree = "<group>"; };
		A8295B7A1E2D7F950092445D /* TD_Database+Insertion.m */ = {isa = PBXFileReference; lastKnownFileType = sourcecode.c.objc; path = "TD_Database+Insertion.m"; sourceTree = "<group>"; };
		A8295B7B1E2D7F950092445D /* TD_Database+LocalDocs.h */ = {isa = PBXFileReference; lastKnownFileType = sourcecode.c.h; path = "TD_Database+LocalDocs.h"; sourceTree = "<group>"; };
		A8295B7C1E2D7F950092445D /* TD_Database+LocalDocs.m */ = {isa = PBXFileReference; lastKnownFileType = sourcecode.c.objc; path = "TD_Database+LocalDocs.m"; sourceTree = "<group>"; };
		A8295B7D1E2D7F950092445D /* TD_Database+Replication.h */ = {isa = PBXFileReference; lastKnownFileType = sourcecode.c.h; path = "TD_Database+Replication.h"; sourceTree = "<group>"; };
		A8295B7E1E2D7F950092445D /* TD_Database+Replication.m */ = {isa = PBXFileReference; lastKnownFileType = sourcecode.c.objc; path = "TD_Database+Replication.m"; sourceTree = "<group>"; };
		A8295B7F1E2D7F950092445D /* TD_Database.h */ = {isa = PBXFileReference; lastKnownFileType = sourcecode.c.h; path = TD_Database.h; sourceTree = "<group>"; };
		A8295B801E2D7F950092445D /* TD_Database.m */ = {isa = PBXFileReference; lastKnownFileType = sourcecode.c.objc; path = TD_Database.m; sourceTree = "<group>"; };
		A8295B811E2D7F950092445D /* TD_DatabaseManager.h */ = {isa = PBXFileReference; lastKnownFileType = sourcecode.c.h; path = TD_DatabaseManager.h; sourceTree = "<group>"; };
		A8295B821E2D7F950092445D /* TD_DatabaseManager.m */ = {isa = PBXFileReference; lastKnownFileType = sourcecode.c.objc; path = TD_DatabaseManager.m; sourceTree = "<group>"; };
		A8295B831E2D7F950092445D /* TD_Revision.h */ = {isa = PBXFileReference; lastKnownFileType = sourcecode.c.h; path = TD_Revision.h; sourceTree = "<group>"; };
		A8295B841E2D7F950092445D /* TD_Revision.m */ = {isa = PBXFileReference; lastKnownFileType = sourcecode.c.objc; path = TD_Revision.m; sourceTree = "<group>"; };
		A8295B851E2D7F950092445D /* TD_View.h */ = {isa = PBXFileReference; lastKnownFileType = sourcecode.c.h; path = TD_View.h; sourceTree = "<group>"; };
		A8295B861E2D7F950092445D /* TD_View.m */ = {isa = PBXFileReference; lastKnownFileType = sourcecode.c.objc; path = TD_View.m; sourceTree = "<group>"; };
		A8295B871E2D7F950092445D /* TDAuthorizer.h */ = {isa = PBXFileReference; lastKnownFileType = sourcecode.c.h; path = TDAuthorizer.h; sourceTree = "<group>"; };
		A8295B881E2D7F950092445D /* TDAuthorizer.m */ = {isa = PBXFileReference; lastKnownFileType = sourcecode.c.objc; path = TDAuthorizer.m; sourceTree = "<group>"; };
		A8295B891E2D7F950092445D /* TDBase64.h */ = {isa = PBXFileReference; lastKnownFileType = sourcecode.c.h; path = TDBase64.h; sourceTree = "<group>"; };
		A8295B8A1E2D7F950092445D /* TDBase64.m */ = {isa = PBXFileReference; lastKnownFileType = sourcecode.c.objc; path = TDBase64.m; sourceTree = "<group>"; };
		A8295B8B1E2D7F950092445D /* TDBatcher.h */ = {isa = PBXFileReference; lastKnownFileType = sourcecode.c.h; path = TDBatcher.h; sourceTree = "<group>"; };
		A8295B8C1E2D7F950092445D /* TDBatcher.m */ = {isa = PBXFileReference; lastKnownFileType = sourcecode.c.objc; path = TDBatcher.m; sourceTree = "<group>"; };
		A8295B8D1E2D7F950092445D /* TDBlobStore+Internal.h */ = {isa = PBXFileReference; lastKnownFileType = sourcecode.c.h; path = "TDBlobStore+Internal.h"; sourceTree = "<group>"; };
		A8295B8E1E2D7F950092445D /* TDBlobStore.h */ = {isa = PBXFileReference; lastKnownFileType = sourcecode.c.h; path = TDBlobStore.h; sourceTree = "<group>"; };
		A8295B8F1E2D7F950092445D /* TDBlobStore.m */ = {isa = PBXFileReference; lastKnownFileType = sourcecode.c.objc; path = TDBlobStore.m; sourceTree = "<group>"; };
		A8295B901E2D7F950092445D /* TDCanonicalJSON.h */ = {isa = PBXFileReference; lastKnownFileType = sourcecode.c.h; path = TDCanonicalJSON.h; sourceTree = "<group>"; };
		A8295B911E2D7F950092445D /* TDCanonicalJSON.m */ = {isa = PBXFileReference; lastKnownFileType = sourcecode.c.objc; path = TDCanonicalJSON.m; sourceTree = "<group>"; };
		A8295B921E2D7F950092445D /* TDCollateJSON.h */ = {isa = PBXFileReference; lastKnownFileType = sourcecode.c.h; path = TDCollateJSON.h; sourceTree = "<group>"; };
		A8295B931E2D7F950092445D /* TDCollateJSON.m */ = {isa = PBXFileReference; lastKnownFileType = sourcecode.c.objc; path = TDCollateJSON.m; sourceTree = "<group>"; };
		A8295B941E2D7F950092445D /* TDInternal.h */ = {isa = PBXFileReference; lastKnownFileType = sourcecode.c.h; path = TDInternal.h; sourceTree = "<group>"; };
		A8295B951E2D7F950092445D /* TDJSON.h */ = {isa = PBXFileReference; lastKnownFileType = sourcecode.c.h; path = TDJSON.h; sourceTree = "<group>"; };
		A8295B961E2D7F950092445D /* TDJSON.m */ = {isa = PBXFileReference; lastKnownFileType = sourcecode.c.objc; path = TDJSON.m; sourceTree = "<group>"; };
		A8295B971E2D7F950092445D /* TDMisc.h */ = {isa = PBXFileReference; lastKnownFileType = sourcecode.c.h; path = TDMisc.h; sourceTree = "<group>"; };
		A8295B981E2D7F950092445D /* TDMisc.m */ = {isa = PBXFileReference; lastKnownFileType = sourcecode.c.objc; path = TDMisc.m; sourceTree = "<group>"; };
		A8295B991E2D7F950092445D /* TDMultipartDocumentReader.h */ = {isa = PBXFileReference; lastKnownFileType = sourcecode.c.h; path = TDMultipartDocumentReader.h; sourceTree = "<group>"; };
		A8295B9A1E2D7F950092445D /* TDMultipartDocumentReader.m */ = {isa = PBXFileReference; lastKnownFileType = sourcecode.c.objc; path = TDMultipartDocumentReader.m; sourceTree = "<group>"; };
		A8295B9B1E2D7F950092445D /* TDMultipartDownloader.h */ = {isa = PBXFileReference; lastKnownFileType = sourcecode.c.h; path = TDMultipartDownloader.h; sourceTree = "<group>"; };
		A8295B9C1E2D7F950092445D /* TDMultipartDownloader.m */ = {isa = PBXFileReference; lastKnownFileType = sourcecode.c.objc; path = TDMultipartDownloader.m; sourceTree = "<group>"; };
		A8295B9D1E2D7F950092445D /* TDMultipartReader.h */ = {isa = PBXFileReference; lastKnownFileType = sourcecode.c.h; path = TDMultipartReader.h; sourceTree = "<group>"; };
		A8295B9E1E2D7F950092445D /* TDMultipartReader.m */ = {isa = PBXFileReference; lastKnownFileType = sourcecode.c.objc; path = TDMultipartReader.m; sourceTree = "<group>"; };
		A8295B9F1E2D7F950092445D /* TDMultipartUploader.h */ = {isa = PBXFileReference; lastKnownFileType = sourcecode.c.h; path = TDMultipartUploader.h; sourceTree = "<group>"; };
		A8295BA01E2D7F950092445D /* TDMultipartUploader.m */ = {isa = PBXFileReference; lastKnownFileType = sourcecode.c.objc; path = TDMultipartUploader.m; sourceTree = "<group>"; };
		A8295BA11E2D7F950092445D /* TDMultipartWriter.h */ = {isa = PBXFileReference; lastKnownFileType = sourcecode.c.h; path = TDMultipartWriter.h; sourceTree = "<group>"; };
		A8295BA21E2D7F950092445D /* TDMultipartWriter.m */ = {isa = PBXFileReference; lastKnownFileType = sourcecode.c.objc; path = TDMultipartWriter.m; sourceTree = "<group>"; };
		A8295BA31E2D7F950092445D /* TDMultiStreamWriter.h */ = {isa = PBXFileReference; lastKnownFileType = sourcecode.c.h; path = TDMultiStreamWriter.h; sourceTree = "<group>"; };
		A8295BA41E2D7F950092445D /* TDMultiStreamWriter.m */ = {isa = PBXFileReference; lastKnownFileType = sourcecode.c.objc; path = TDMultiStreamWriter.m; sourceTree = "<group>"; };
		A8295BA51E2D7F950092445D /* TDPuller.h */ = {isa = PBXFileReference; lastKnownFileType = sourcecode.c.h; path = TDPuller.h; sourceTree = "<group>"; };
		A8295BA61E2D7F950092445D /* TDPuller.m */ = {isa = PBXFileReference; lastKnownFileType = sourcecode.c.objc; path = TDPuller.m; sourceTree = "<group>"; };
		A8295BA71E2D7F950092445D /* TDPusher.h */ = {isa = PBXFileReference; lastKnownFileType = sourcecode.c.h; path = TDPusher.h; sourceTree = "<group>"; };
		A8295BA81E2D7F950092445D /* TDPusher.m */ = {isa = PBXFileReference; lastKnownFileType = sourcecode.c.objc; path = TDPusher.m; sourceTree = "<group>"; };
		A8295BA91E2D7F950092445D /* TDReachability.h */ = {isa = PBXFileReference; lastKnownFileType = sourcecode.c.h; path = TDReachability.h; sourceTree = "<group>"; };
		A8295BAA1E2D7F950092445D /* TDReachability.m */ = {isa = PBXFileReference; lastKnownFileType = sourcecode.c.objc; path = TDReachability.m; sourceTree = "<group>"; };
		A8295BAB1E2D7F950092445D /* TDRemoteRequest.h */ = {isa = PBXFileReference; lastKnownFileType = sourcecode.c.h; path = TDRemoteRequest.h; sourceTree = "<group>"; };
		A8295BAC1E2D7F950092445D /* TDRemoteRequest.m */ = {isa = PBXFileReference; lastKnownFileType = sourcecode.c.objc; path = TDRemoteRequest.m; sourceTree = "<group>"; };
		A8295BAD1E2D7F950092445D /* TDReplicator.h */ = {isa = PBXFileReference; lastKnownFileType = sourcecode.c.h; path = TDReplicator.h; sourceTree = "<group>"; };
		A8295BAE1E2D7F950092445D /* TDReplicator.m */ = {isa = PBXFileReference; lastKnownFileType = sourcecode.c.objc; path = TDReplicator.m; sourceTree = "<group>"; };
		A8295BAF1E2D7F950092445D /* TDSequenceMap.h */ = {isa = PBXFileReference; lastKnownFileType = sourcecode.c.h; path = TDSequenceMap.h; sourceTree = "<group>"; };
		A8295BB01E2D7F950092445D /* TDSequenceMap.m */ = {isa = PBXFileReference; lastKnownFileType = sourcecode.c.objc; path = TDSequenceMap.m; sourceTree = "<group>"; };
		A8295BB11E2D7F950092445D /* TDStatus.h */ = {isa = PBXFileReference; lastKnownFileType = sourcecode.c.h; path = TDStatus.h; sourceTree = "<group>"; };
		A8295BB21E2D7F950092445D /* TDStatus.m */ = {isa = PBXFileReference; lastKnownFileType = sourcecode.c.objc; path = TDStatus.m; sourceTree = "<group>"; };
		A8295BB41E2D7F950092445D /* CDTChangedArray.h */ = {isa = PBXFileReference; lastKnownFileType = sourcecode.c.h; path = CDTChangedArray.h; sourceTree = "<group>"; };
		A8295BB51E2D7F950092445D /* CDTChangedArray.m */ = {isa = PBXFileReference; lastKnownFileType = sourcecode.c.objc; path = CDTChangedArray.m; sourceTree = "<group>"; };
		A8295BB61E2D7F950092445D /* CDTChangedDictionary.h */ = {isa = PBXFileReference; lastKnownFileType = sourcecode.c.h; path = CDTChangedDictionary.h; sourceTree = "<group>"; };
		A8295BB71E2D7F950092445D /* CDTChangedDictionary.m */ = {isa = PBXFileReference; lastKnownFileType = sourcecode.c.objc; path = CDTChangedDictionary.m; sourceTree = "<group>"; };
		A8295BB81E2D7F950092445D /* CDTChangedObserver.h */ = {isa = PBXFileReference; lastKnownFileType = sourcecode.c.h; path = CDTChangedObserver.h; sourceTree = "<group>"; };
		A8295BBB1E2D7F950092445D /* GTMDefines.h */ = {isa = PBXFileReference; lastKnownFileType = sourcecode.c.h; path = GTMDefines.h; sourceTree = "<group>"; };
		A8295BBC1E2D7F950092445D /* GTMNSData+zlib.h */ = {isa = PBXFileReference; lastKnownFileType = sourcecode.c.h; path = "GTMNSData+zlib.h"; sourceTree = "<group>"; };
		A8295BBD1E2D7F950092445D /* GTMNSData+zlib.m */ = {isa = PBXFileReference; lastKnownFileType = sourcecode.c.objc; path = "GTMNSData+zlib.m"; sourceTree = "<group>"; };
		A8295BBE1E2D7F950092445D /* README */ = {isa = PBXFileReference; lastKnownFileType = text; path = README; sourceTree = "<group>"; };
		A8295BC01E2D7F950092445D /* CollectionUtils.h */ = {isa = PBXFileReference; lastKnownFileType = sourcecode.c.h; path = CollectionUtils.h; sourceTree = "<group>"; };
		A8295BC11E2D7F950092445D /* CollectionUtils.m */ = {isa = PBXFileReference; lastKnownFileType = sourcecode.c.objc; path = CollectionUtils.m; sourceTree = "<group>"; };
		A8295BC21E2D7F950092445D /* ConcurrentOperation.h */ = {isa = PBXFileReference; lastKnownFileType = sourcecode.c.h; path = ConcurrentOperation.h; sourceTree = "<group>"; };
		A8295BC31E2D7F950092445D /* ConcurrentOperation.m */ = {isa = PBXFileReference; lastKnownFileType = sourcecode.c.objc; path = ConcurrentOperation.m; sourceTree = "<group>"; };
		A8295BC41E2D7F950092445D /* ExceptionUtils.h */ = {isa = PBXFileReference; lastKnownFileType = sourcecode.c.h; path = ExceptionUtils.h; sourceTree = "<group>"; };
		A8295BC51E2D7F950092445D /* ExceptionUtils.m */ = {isa = PBXFileReference; lastKnownFileType = sourcecode.c.objc; path = ExceptionUtils.m; sourceTree = "<group>"; };
		A8295BC61E2D7F950092445D /* Logging.h */ = {isa = PBXFileReference; lastKnownFileType = sourcecode.c.h; path = Logging.h; sourceTree = "<group>"; };
		A8295BC71E2D7F950092445D /* Logging.m */ = {isa = PBXFileReference; lastKnownFileType = sourcecode.c.objc; path = Logging.m; sourceTree = "<group>"; };
		A8295BC81E2D7F950092445D /* MYDynamicObject.h */ = {isa = PBXFileReference; lastKnownFileType = sourcecode.c.h; path = MYDynamicObject.h; sourceTree = "<group>"; };
		A8295BC91E2D7F950092445D /* MYDynamicObject.m */ = {isa = PBXFileReference; lastKnownFileType = sourcecode.c.objc; path = MYDynamicObject.m; sourceTree = "<group>"; };
		A8295BCA1E2D7F950092445D /* MYErrorUtils.h */ = {isa = PBXFileReference; lastKnownFileType = sourcecode.c.h; path = MYErrorUtils.h; sourceTree = "<group>"; };
		A8295BCB1E2D7F950092445D /* MYErrorUtils.m */ = {isa = PBXFileReference; lastKnownFileType = sourcecode.c.objc; path = MYErrorUtils.m; sourceTree = "<group>"; };
		A8295BCC1E2D7F950092445D /* MYRegexUtils.h */ = {isa = PBXFileReference; lastKnownFileType = sourcecode.c.h; path = MYRegexUtils.h; sourceTree = "<group>"; };
		A8295BCD1E2D7F950092445D /* MYRegexUtils.m */ = {isa = PBXFileReference; lastKnownFileType = sourcecode.c.objc; path = MYRegexUtils.m; sourceTree = "<group>"; };
		A8295BCE1E2D7F950092445D /* MYStreamUtils.h */ = {isa = PBXFileReference; lastKnownFileType = sourcecode.c.h; path = MYStreamUtils.h; sourceTree = "<group>"; };
		A8295BCF1E2D7F950092445D /* MYStreamUtils.m */ = {isa = PBXFileReference; lastKnownFileType = sourcecode.c.objc; path = MYStreamUtils.m; sourceTree = "<group>"; };
		A8295BD01E2D7F950092445D /* MYURLHandler.h */ = {isa = PBXFileReference; lastKnownFileType = sourcecode.c.h; path = MYURLHandler.h; sourceTree = "<group>"; };
		A8295BD11E2D7F950092445D /* MYURLHandler.m */ = {isa = PBXFileReference; lastKnownFileType = sourcecode.c.objc; path = MYURLHandler.m; sourceTree = "<group>"; };
		A8295BD21E2D7F950092445D /* MYURLUtils.h */ = {isa = PBXFileReference; lastKnownFileType = sourcecode.c.h; path = MYURLUtils.h; sourceTree = "<group>"; };
		A8295BD31E2D7F950092445D /* MYURLUtils.m */ = {isa = PBXFileReference; lastKnownFileType = sourcecode.c.objc; path = MYURLUtils.m; sourceTree = "<group>"; };
		A8295BD41E2D7F950092445D /* MYUtilities.xcconfig */ = {isa = PBXFileReference; lastKnownFileType = text.xcconfig; path = MYUtilities.xcconfig; sourceTree = "<group>"; };
		A8295BD51E2D7F950092445D /* MYUtilities_Debug.xcconfig */ = {isa = PBXFileReference; lastKnownFileType = text.xcconfig; path = MYUtilities_Debug.xcconfig; sourceTree = "<group>"; };
		A8295BD61E2D7F950092445D /* MYUtilities_Prefix.pch */ = {isa = PBXFileReference; lastKnownFileType = sourcecode.c.h; path = MYUtilities_Prefix.pch; sourceTree = "<group>"; };
		A8295BD71E2D7F950092445D /* MYUtilities_Release.xcconfig */ = {isa = PBXFileReference; lastKnownFileType = text.xcconfig; path = MYUtilities_Release.xcconfig; sourceTree = "<group>"; };
		A8295BD81E2D7F950092445D /* README.md */ = {isa = PBXFileReference; lastKnownFileType = net.daringfireball.markdown; path = README.md; sourceTree = "<group>"; };
		A8295BD91E2D7F950092445D /* Target.h */ = {isa = PBXFileReference; lastKnownFileType = sourcecode.c.h; path = Target.h; sourceTree = "<group>"; };
		A8295BDA1E2D7F950092445D /* Target.m */ = {isa = PBXFileReference; lastKnownFileType = sourcecode.c.objc; path = Target.m; sourceTree = "<group>"; };
		A8295BDB1E2D7F950092445D /* Test.h */ = {isa = PBXFileReference; lastKnownFileType = sourcecode.c.h; path = Test.h; sourceTree = "<group>"; };
		A8295BDC1E2D7F950092445D /* Test.m */ = {isa = PBXFileReference; lastKnownFileType = sourcecode.c.objc; path = Test.m; sourceTree = "<group>"; };
		A8295BDD1E2D7F950092445D /* Version.h */ = {isa = PBXFileReference; lastKnownFileType = sourcecode.c.h; path = Version.h; sourceTree = "<group>"; };
/* End PBXFileReference section */

/* Begin PBXFrameworksBuildPhase section */
		58B511D81A9E6C8500147676 /* Frameworks */ = {
			isa = PBXFrameworksBuildPhase;
			buildActionMask = 2147483647;
			files = (
			);
			runOnlyForDeploymentPostprocessing = 0;
		};
/* End PBXFrameworksBuildPhase section */

/* Begin PBXGroup section */
		134814211AA4EA7D00B7C361 /* Products */ = {
			isa = PBXGroup;
			children = (
				134814201AA4EA6300B7C361 /* libRNSync.a */,
			);
			name = Products;
			sourceTree = "<group>";
		};
		58B511D21A9E6C8500147676 = {
			isa = PBXGroup;
			children = (
				A8295AE81E2D7F950092445D /* CDTDatastore */,
				A8295AB91E2D7B8B0092445D /* Replicator.m */,
				A8295ABA1E2D7B8B0092445D /* Replicator.h */,
				A8295ABB1E2D7B8B0092445D /* ReplicationManager.m */,
				A8295ABC1E2D7B8B0092445D /* ReplicationManager.h */,
				13BE3DEC1AC21097009241FE /* RNSync.h */,
				13BE3DED1AC21097009241FE /* RNSync.m */,
				134814211AA4EA7D00B7C361 /* Products */,
			);
			sourceTree = "<group>";
		};
		A8295AE81E2D7F950092445D /* CDTDatastore */ = {
			isa = PBXGroup;
			children = (
				A8295AE91E2D7F950092445D /* Attachments */,
				A8295AF21E2D7F950092445D /* CDTConflictResolver.h */,
				A8295AF31E2D7F950092445D /* CDTDatastore+Conflicts.h */,
				A8295AF41E2D7F950092445D /* CDTDatastore+Conflicts.m */,
				A8295AF51E2D7F950092445D /* CDTDatastore+Internal.h */,
				A8295AF61E2D7F950092445D /* CDTDatastore+Internal.m */,
				A8295AF71E2D7F950092445D /* CDTDatastore.h */,
				A8295AF81E2D7F950092445D /* CDTDatastore.m */,
				A8295AF91E2D7F950092445D /* CDTDatastoreManager.h */,
				A8295AFA1E2D7F950092445D /* CDTDatastoreManager.m */,
				A8295AFB1E2D7F950092445D /* CDTDefines.h */,
				A8295AFC1E2D7F950092445D /* CDTDocumentRevision.h */,
				A8295AFD1E2D7F950092445D /* CDTDocumentRevision.m */,
				A8295AFE1E2D7F950092445D /* CDTFetchChanges.h */,
				A8295AFF1E2D7F950092445D /* CDTFetchChanges.m */,
				A8295B001E2D7F950092445D /* CDTLogging.h */,
				A8295B011E2D7F950092445D /* CDTLogging.m */,
				A8295B021E2D7F950092445D /* CDTMacros.h */,
				A8295B031E2D7F950092445D /* CDTMisc.h */,
				A8295B041E2D7F950092445D /* CDTMisc.m */,
				A8295B051E2D7F950092445D /* CDTReplicator */,
				A8295B141E2D7F950092445D /* CDTSQLiteHelpers.h */,
				A8295B151E2D7F950092445D /* CDTSQLiteHelpers.m */,
				A8295B161E2D7F950092445D /* CloudantSync.h */,
				A8295B171E2D7F950092445D /* Encryption */,
				A8295B3D1E2D7F950092445D /* fmdb */,
				A8295B401E2D7F950092445D /* HTTP */,
				A8295B4C1E2D7F950092445D /* Info.plist */,
				A8295B4D1E2D7F950092445D /* query */,
				A8295B691E2D7F950092445D /* touchdb */,
				A8295BB31E2D7F950092445D /* Utils */,
				A8295BB91E2D7F950092445D /* vendor */,
				A8295BDD1E2D7F950092445D /* Version.h */,
			);
			path = CDTDatastore;
			sourceTree = "<group>";
		};
		A8295AE91E2D7F950092445D /* Attachments */ = {
			isa = PBXGroup;
			children = (
				A8295AEA1E2D7F950092445D /* CDTAttachment.h */,
				A8295AEB1E2D7F950092445D /* CDTAttachment.m */,
				A8295AEC1E2D7F950092445D /* CDTBlobData.h */,
				A8295AED1E2D7F950092445D /* CDTBlobData.m */,
				A8295AEE1E2D7F950092445D /* CDTBlobReader.h */,
				A8295AEF1E2D7F950092445D /* CDTBlobWriter.h */,
				A8295AF01E2D7F950092445D /* CDTDatastore+Attachments.h */,
				A8295AF11E2D7F950092445D /* CDTDatastore+Attachments.m */,
			);
			path = Attachments;
			sourceTree = "<group>";
		};
		A8295B051E2D7F950092445D /* CDTReplicator */ = {
			isa = PBXGroup;
			children = (
				A8295B061E2D7F950092445D /* CDTAbstractReplication.h */,
				A8295B071E2D7F950092445D /* CDTAbstractReplication.m */,
				A8295B081E2D7F950092445D /* CDTDatastore+Replication.h */,
				A8295B091E2D7F950092445D /* CDTDatastore+Replication.m */,
				A8295B0A1E2D7F950092445D /* CDTNSURLSessionConfigurationDelegate.h */,
				A8295B0B1E2D7F950092445D /* CDTPullReplication.h */,
				A8295B0C1E2D7F950092445D /* CDTPullReplication.m */,
				A8295B0D1E2D7F950092445D /* CDTPushReplication.h */,
				A8295B0E1E2D7F950092445D /* CDTPushReplication.m */,
				A8295B0F1E2D7F950092445D /* CDTReplicator.h */,
				A8295B101E2D7F950092445D /* CDTReplicator.m */,
				A8295B111E2D7F950092445D /* CDTReplicatorDelegate.h */,
				A8295B121E2D7F950092445D /* CDTReplicatorFactory.h */,
				A8295B131E2D7F950092445D /* CDTReplicatorFactory.m */,
			);
			path = CDTReplicator;
			sourceTree = "<group>";
		};
		A8295B171E2D7F950092445D /* Encryption */ = {
			isa = PBXGroup;
			children = (
				A8295B181E2D7F950092445D /* Attachments */,
				A8295B1F1E2D7F950092445D /* CDTDatastore+EncryptionKey.h */,
				A8295B201E2D7F950092445D /* CDTDatastoreManager+EncryptionKey.h */,
				A8295B211E2D7F950092445D /* CDTEncryptionKey.h */,
				A8295B221E2D7F950092445D /* CDTEncryptionKey.m */,
				A8295B231E2D7F950092445D /* CDTEncryptionKeyNilProvider.h */,
				A8295B241E2D7F950092445D /* CDTEncryptionKeyNilProvider.m */,
				A8295B251E2D7F950092445D /* CDTEncryptionKeyProvider.h */,
				A8295B261E2D7F950092445D /* CDTEncryptionKeySimpleProvider.h */,
				A8295B271E2D7F950092445D /* CDTEncryptionKeySimpleProvider.m */,
				A8295B281E2D7F950092445D /* CloudantSyncEncryption.h */,
				A8295B291E2D7F950092445D /* FMDatabase+EncryptionKey.h */,
				A8295B2A1E2D7F950092445D /* FMDatabase+EncryptionKey.m */,
				A8295B2B1E2D7F950092445D /* Keychain */,
			);
			path = Encryption;
			sourceTree = "<group>";
		};
		A8295B181E2D7F950092445D /* Attachments */ = {
			isa = PBXGroup;
			children = (
				A8295B191E2D7F950092445D /* CDTBlobEncryptedData+Internal.h */,
				A8295B1A1E2D7F950092445D /* CDTBlobEncryptedData.h */,
				A8295B1B1E2D7F950092445D /* CDTBlobEncryptedData.m */,
				A8295B1C1E2D7F950092445D /* CDTBlobEncryptedDataConstants.h */,
				A8295B1D1E2D7F950092445D /* CDTBlobHandleFactory.h */,
				A8295B1E1E2D7F950092445D /* CDTBlobHandleFactory.m */,
			);
			path = Attachments;
			sourceTree = "<group>";
		};
		A8295B2B1E2D7F950092445D /* Keychain */ = {
			isa = PBXGroup;
			children = (
				A8295B2C1E2D7F950092445D /* CDTEncryptionKeychainConstants.h */,
				A8295B2D1E2D7F950092445D /* CDTEncryptionKeychainData.h */,
				A8295B2E1E2D7F950092445D /* CDTEncryptionKeychainData.m */,
				A8295B2F1E2D7F950092445D /* CDTEncryptionKeychainManager+Internal.h */,
				A8295B301E2D7F950092445D /* CDTEncryptionKeychainManager.h */,
				A8295B311E2D7F950092445D /* CDTEncryptionKeychainManager.m */,
				A8295B321E2D7F950092445D /* CDTEncryptionKeychainProvider+Internal.h */,
				A8295B331E2D7F950092445D /* CDTEncryptionKeychainProvider.h */,
				A8295B341E2D7F950092445D /* CDTEncryptionKeychainProvider.m */,
				A8295B351E2D7F950092445D /* CDTEncryptionKeychainStorage.h */,
				A8295B361E2D7F950092445D /* CDTEncryptionKeychainStorage.m */,
				A8295B371E2D7F950092445D /* CDTEncryptionKeychainUtils+AES.h */,
				A8295B381E2D7F950092445D /* CDTEncryptionKeychainUtils+AES.m */,
				A8295B391E2D7F950092445D /* CDTEncryptionKeychainUtils+PBKDF2.h */,
				A8295B3A1E2D7F950092445D /* CDTEncryptionKeychainUtils+PBKDF2.m */,
				A8295B3B1E2D7F950092445D /* CDTEncryptionKeychainUtils.h */,
				A8295B3C1E2D7F950092445D /* CDTEncryptionKeychainUtils.m */,
			);
			path = Keychain;
			sourceTree = "<group>";
		};
		A8295B3D1E2D7F950092445D /* fmdb */ = {
			isa = PBXGroup;
			children = (
				A8295B3E1E2D7F950092445D /* FMDatabase+LongLong.h */,
				A8295B3F1E2D7F950092445D /* FMDatabase+LongLong.m */,
			);
			path = fmdb;
			sourceTree = "<group>";
		};
		A8295B401E2D7F950092445D /* HTTP */ = {
			isa = PBXGroup;
			children = (
				A8295B411E2D7F950092445D /* CDTHTTPInterceptor.h */,
				A8295B421E2D7F950092445D /* CDTHTTPInterceptorContext.h */,
				A8295B431E2D7F950092445D /* CDTHTTPInterceptorContext.m */,
				A8295B441E2D7F950092445D /* CDTReplay429Interceptor.h */,
				A8295B451E2D7F950092445D /* CDTReplay429Interceptor.m */,
				A8295B461E2D7F950092445D /* CDTSessionCookieInterceptor.h */,
				A8295B471E2D7F950092445D /* CDTSessionCookieInterceptor.m */,
				A8295B481E2D7F950092445D /* CDTURLSession.h */,
				A8295B491E2D7F950092445D /* CDTURLSession.m */,
				A8295B4A1E2D7F950092445D /* CDTURLSessionTask.h */,
				A8295B4B1E2D7F950092445D /* CDTURLSessionTask.m */,
			);
			path = HTTP;
			sourceTree = "<group>";
		};
		A8295B4D1E2D7F950092445D /* query */ = {
			isa = PBXGroup;
			children = (
				A8295B4E1E2D7F950092445D /* CDTDatastore+Query.h */,
				A8295B4F1E2D7F950092445D /* CDTDatastore+Query.m */,
				A8295B501E2D7F950092445D /* CDTQIndex.h */,
				A8295B511E2D7F950092445D /* CDTQIndex.m */,
				A8295B521E2D7F950092445D /* CDTQIndexCreator.h */,
				A8295B531E2D7F950092445D /* CDTQIndexCreator.m */,
				A8295B541E2D7F950092445D /* CDTQIndexManager.h */,
				A8295B551E2D7F950092445D /* CDTQIndexManager.m */,
				A8295B561E2D7F950092445D /* CDTQIndexUpdater.h */,
				A8295B571E2D7F950092445D /* CDTQIndexUpdater.m */,
				A8295B581E2D7F950092445D /* CDTQLogging.h */,
				A8295B591E2D7F950092445D /* CDTQProjectedDocumentRevision.h */,
				A8295B5A1E2D7F950092445D /* CDTQProjectedDocumentRevision.m */,
				A8295B5B1E2D7F950092445D /* CDTQQueryConstants.h */,
				A8295B5C1E2D7F950092445D /* CDTQQueryConstants.m */,
				A8295B5D1E2D7F950092445D /* CDTQQueryExecutor.h */,
				A8295B5E1E2D7F950092445D /* CDTQQueryExecutor.m */,
				A8295B5F1E2D7F950092445D /* CDTQQuerySqlTranslator.h */,
				A8295B601E2D7F950092445D /* CDTQQuerySqlTranslator.m */,
				A8295B611E2D7F950092445D /* CDTQQueryValidator.h */,
				A8295B621E2D7F950092445D /* CDTQQueryValidator.m */,
				A8295B631E2D7F950092445D /* CDTQResultSet.h */,
				A8295B641E2D7F950092445D /* CDTQResultSet.m */,
				A8295B651E2D7F950092445D /* CDTQUnindexedMatcher.h */,
				A8295B661E2D7F950092445D /* CDTQUnindexedMatcher.m */,
				A8295B671E2D7F950092445D /* CDTQValueExtractor.h */,
				A8295B681E2D7F950092445D /* CDTQValueExtractor.m */,
			);
			path = query;
			sourceTree = "<group>";
		};
		A8295B691E2D7F950092445D /* touchdb */ = {
			isa = PBXGroup;
			children = (
				A8295B6A1E2D7F950092445D /* ChangeTracker */,
				A8295B6F1E2D7F950092445D /* TD_Attachment.h */,
				A8295B701E2D7F950092445D /* TD_Attachment.m */,
				A8295B711E2D7F950092445D /* TD_Body.h */,
				A8295B721E2D7F950092445D /* TD_Body.m */,
				A8295B731E2D7F950092445D /* TD_Database+Attachments.h */,
				A8295B741E2D7F950092445D /* TD_Database+Attachments.m */,
				A8295B751E2D7F950092445D /* TD_Database+BlobFilenames.h */,
				A8295B761E2D7F950092445D /* TD_Database+BlobFilenames.m */,
				A8295B771E2D7F950092445D /* TD_Database+Conflicts.h */,
				A8295B781E2D7F950092445D /* TD_Database+Conflicts.m */,
				A8295B791E2D7F950092445D /* TD_Database+Insertion.h */,
				A8295B7A1E2D7F950092445D /* TD_Database+Insertion.m */,
				A8295B7B1E2D7F950092445D /* TD_Database+LocalDocs.h */,
				A8295B7C1E2D7F950092445D /* TD_Database+LocalDocs.m */,
				A8295B7D1E2D7F950092445D /* TD_Database+Replication.h */,
				A8295B7E1E2D7F950092445D /* TD_Database+Replication.m */,
				A8295B7F1E2D7F950092445D /* TD_Database.h */,
				A8295B801E2D7F950092445D /* TD_Database.m */,
				A8295B811E2D7F950092445D /* TD_DatabaseManager.h */,
				A8295B821E2D7F950092445D /* TD_DatabaseManager.m */,
				A8295B831E2D7F950092445D /* TD_Revision.h */,
				A8295B841E2D7F950092445D /* TD_Revision.m */,
				A8295B851E2D7F950092445D /* TD_View.h */,
				A8295B861E2D7F950092445D /* TD_View.m */,
				A8295B871E2D7F950092445D /* TDAuthorizer.h */,
				A8295B881E2D7F950092445D /* TDAuthorizer.m */,
				A8295B891E2D7F950092445D /* TDBase64.h */,
				A8295B8A1E2D7F950092445D /* TDBase64.m */,
				A8295B8B1E2D7F950092445D /* TDBatcher.h */,
				A8295B8C1E2D7F950092445D /* TDBatcher.m */,
				A8295B8D1E2D7F950092445D /* TDBlobStore+Internal.h */,
				A8295B8E1E2D7F950092445D /* TDBlobStore.h */,
				A8295B8F1E2D7F950092445D /* TDBlobStore.m */,
				A8295B901E2D7F950092445D /* TDCanonicalJSON.h */,
				A8295B911E2D7F950092445D /* TDCanonicalJSON.m */,
				A8295B921E2D7F950092445D /* TDCollateJSON.h */,
				A8295B931E2D7F950092445D /* TDCollateJSON.m */,
				A8295B941E2D7F950092445D /* TDInternal.h */,
				A8295B951E2D7F950092445D /* TDJSON.h */,
				A8295B961E2D7F950092445D /* TDJSON.m */,
				A8295B971E2D7F950092445D /* TDMisc.h */,
				A8295B981E2D7F950092445D /* TDMisc.m */,
				A8295B991E2D7F950092445D /* TDMultipartDocumentReader.h */,
				A8295B9A1E2D7F950092445D /* TDMultipartDocumentReader.m */,
				A8295B9B1E2D7F950092445D /* TDMultipartDownloader.h */,
				A8295B9C1E2D7F950092445D /* TDMultipartDownloader.m */,
				A8295B9D1E2D7F950092445D /* TDMultipartReader.h */,
				A8295B9E1E2D7F950092445D /* TDMultipartReader.m */,
				A8295B9F1E2D7F950092445D /* TDMultipartUploader.h */,
				A8295BA01E2D7F950092445D /* TDMultipartUploader.m */,
				A8295BA11E2D7F950092445D /* TDMultipartWriter.h */,
				A8295BA21E2D7F950092445D /* TDMultipartWriter.m */,
				A8295BA31E2D7F950092445D /* TDMultiStreamWriter.h */,
				A8295BA41E2D7F950092445D /* TDMultiStreamWriter.m */,
				A8295BA51E2D7F950092445D /* TDPuller.h */,
				A8295BA61E2D7F950092445D /* TDPuller.m */,
				A8295BA71E2D7F950092445D /* TDPusher.h */,
				A8295BA81E2D7F950092445D /* TDPusher.m */,
				A8295BA91E2D7F950092445D /* TDReachability.h */,
				A8295BAA1E2D7F950092445D /* TDReachability.m */,
				A8295BAB1E2D7F950092445D /* TDRemoteRequest.h */,
				A8295BAC1E2D7F950092445D /* TDRemoteRequest.m */,
				A8295BAD1E2D7F950092445D /* TDReplicator.h */,
				A8295BAE1E2D7F950092445D /* TDReplicator.m */,
				A8295BAF1E2D7F950092445D /* TDSequenceMap.h */,
				A8295BB01E2D7F950092445D /* TDSequenceMap.m */,
				A8295BB11E2D7F950092445D /* TDStatus.h */,
				A8295BB21E2D7F950092445D /* TDStatus.m */,
			);
			path = touchdb;
			sourceTree = "<group>";
		};
		A8295B6A1E2D7F950092445D /* ChangeTracker */ = {
			isa = PBXGroup;
			children = (
				A8295B6B1E2D7F950092445D /* TDChangeTracker.h */,
				A8295B6C1E2D7F950092445D /* TDChangeTracker.m */,
				A8295B6D1E2D7F950092445D /* TDURLConnectionChangeTracker.h */,
				A8295B6E1E2D7F950092445D /* TDURLConnectionChangeTracker.m */,
			);
			path = ChangeTracker;
			sourceTree = "<group>";
		};
		A8295BB31E2D7F950092445D /* Utils */ = {
			isa = PBXGroup;
			children = (
				A8295BB41E2D7F950092445D /* CDTChangedArray.h */,
				A8295BB51E2D7F950092445D /* CDTChangedArray.m */,
				A8295BB61E2D7F950092445D /* CDTChangedDictionary.h */,
				A8295BB71E2D7F950092445D /* CDTChangedDictionary.m */,
				A8295BB81E2D7F950092445D /* CDTChangedObserver.h */,
			);
			path = Utils;
			sourceTree = "<group>";
		};
		A8295BB91E2D7F950092445D /* vendor */ = {
			isa = PBXGroup;
			children = (
				A8295BBA1E2D7F950092445D /* google-toolbox-for-mac */,
				A8295BBF1E2D7F950092445D /* MYUtilities */,
			);
			path = vendor;
			sourceTree = "<group>";
		};
		A8295BBA1E2D7F950092445D /* google-toolbox-for-mac */ = {
			isa = PBXGroup;
			children = (
				A8295BBB1E2D7F950092445D /* GTMDefines.h */,
				A8295BBC1E2D7F950092445D /* GTMNSData+zlib.h */,
				A8295BBD1E2D7F950092445D /* GTMNSData+zlib.m */,
				A8295BBE1E2D7F950092445D /* README */,
			);
			path = "google-toolbox-for-mac";
			sourceTree = "<group>";
		};
		A8295BBF1E2D7F950092445D /* MYUtilities */ = {
			isa = PBXGroup;
			children = (
				A8295BC01E2D7F950092445D /* CollectionUtils.h */,
				A8295BC11E2D7F950092445D /* CollectionUtils.m */,
				A8295BC21E2D7F950092445D /* ConcurrentOperation.h */,
				A8295BC31E2D7F950092445D /* ConcurrentOperation.m */,
				A8295BC41E2D7F950092445D /* ExceptionUtils.h */,
				A8295BC51E2D7F950092445D /* ExceptionUtils.m */,
				A8295BC61E2D7F950092445D /* Logging.h */,
				A8295BC71E2D7F950092445D /* Logging.m */,
				A8295BC81E2D7F950092445D /* MYDynamicObject.h */,
				A8295BC91E2D7F950092445D /* MYDynamicObject.m */,
				A8295BCA1E2D7F950092445D /* MYErrorUtils.h */,
				A8295BCB1E2D7F950092445D /* MYErrorUtils.m */,
				A8295BCC1E2D7F950092445D /* MYRegexUtils.h */,
				A8295BCD1E2D7F950092445D /* MYRegexUtils.m */,
				A8295BCE1E2D7F950092445D /* MYStreamUtils.h */,
				A8295BCF1E2D7F950092445D /* MYStreamUtils.m */,
				A8295BD01E2D7F950092445D /* MYURLHandler.h */,
				A8295BD11E2D7F950092445D /* MYURLHandler.m */,
				A8295BD21E2D7F950092445D /* MYURLUtils.h */,
				A8295BD31E2D7F950092445D /* MYURLUtils.m */,
				A8295BD41E2D7F950092445D /* MYUtilities.xcconfig */,
				A8295BD51E2D7F950092445D /* MYUtilities_Debug.xcconfig */,
				A8295BD61E2D7F950092445D /* MYUtilities_Prefix.pch */,
				A8295BD71E2D7F950092445D /* MYUtilities_Release.xcconfig */,
				A8295BD81E2D7F950092445D /* README.md */,
				A8295BD91E2D7F950092445D /* Target.h */,
				A8295BDA1E2D7F950092445D /* Target.m */,
				A8295BDB1E2D7F950092445D /* Test.h */,
				A8295BDC1E2D7F950092445D /* Test.m */,
			);
			path = MYUtilities;
			sourceTree = "<group>";
		};
/* End PBXGroup section */

/* Begin PBXNativeTarget section */
		58B511DA1A9E6C8500147676 /* RNSync */ = {
			isa = PBXNativeTarget;
			buildConfigurationList = 58B511EF1A9E6C8500147676 /* Build configuration list for PBXNativeTarget "RNSync" */;
			buildPhases = (
				58B511D71A9E6C8500147676 /* Sources */,
				58B511D81A9E6C8500147676 /* Frameworks */,
				58B511D91A9E6C8500147676 /* CopyFiles */,
			);
			buildRules = (
			);
			dependencies = (
			);
			name = RNSync;
			productName = RCTDataManager;
			productReference = 134814201AA4EA6300B7C361 /* libRNSync.a */;
			productType = "com.apple.product-type.library.static";
		};
/* End PBXNativeTarget section */

/* Begin PBXProject section */
		58B511D31A9E6C8500147676 /* Project object */ = {
			isa = PBXProject;
			attributes = {
				LastUpgradeCheck = 0810;
				ORGANIZATIONNAME = Facebook;
				TargetAttributes = {
					58B511DA1A9E6C8500147676 = {
						CreatedOnToolsVersion = 6.1.1;
					};
				};
			};
			buildConfigurationList = 58B511D61A9E6C8500147676 /* Build configuration list for PBXProject "RNSync" */;
			compatibilityVersion = "Xcode 3.2";
			developmentRegion = English;
			hasScannedForEncodings = 0;
			knownRegions = (
				en,
			);
			mainGroup = 58B511D21A9E6C8500147676;
			productRefGroup = 58B511D21A9E6C8500147676;
			projectDirPath = "";
			projectRoot = "";
			targets = (
				58B511DA1A9E6C8500147676 /* RNSync */,
			);
		};
/* End PBXProject section */

/* Begin PBXSourcesBuildPhase section */
		58B511D71A9E6C8500147676 /* Sources */ = {
			isa = PBXSourcesBuildPhase;
			buildActionMask = 2147483647;
			files = (
				A8295ABD1E2D7B8B0092445D /* Replicator.m in Sources */,
				A8295ABE1E2D7B8B0092445D /* ReplicationManager.m in Sources */,
				13BE3DEE1AC21097009241FE /* RNSync.m in Sources */,
			);
			runOnlyForDeploymentPostprocessing = 0;
		};
/* End PBXSourcesBuildPhase section */

/* Begin XCBuildConfiguration section */
		58B511ED1A9E6C8500147676 /* Debug */ = {
			isa = XCBuildConfiguration;
			buildSettings = {
				ALWAYS_SEARCH_USER_PATHS = NO;
				CLANG_CXX_LANGUAGE_STANDARD = "gnu++0x";
				CLANG_CXX_LIBRARY = "libc++";
				CLANG_ENABLE_MODULES = YES;
				CLANG_ENABLE_OBJC_ARC = YES;
				CLANG_WARN_BOOL_CONVERSION = YES;
				CLANG_WARN_CONSTANT_CONVERSION = YES;
				CLANG_WARN_DIRECT_OBJC_ISA_USAGE = YES_ERROR;
				CLANG_WARN_EMPTY_BODY = YES;
				CLANG_WARN_ENUM_CONVERSION = YES;
				CLANG_WARN_INFINITE_RECURSION = YES;
				CLANG_WARN_INT_CONVERSION = YES;
				CLANG_WARN_OBJC_ROOT_CLASS = YES_ERROR;
				CLANG_WARN_SUSPICIOUS_MOVE = YES;
				CLANG_WARN_UNREACHABLE_CODE = YES;
				CLANG_WARN__DUPLICATE_METHOD_MATCH = YES;
				COPY_PHASE_STRIP = NO;
				ENABLE_STRICT_OBJC_MSGSEND = YES;
				ENABLE_TESTABILITY = YES;
				GCC_C_LANGUAGE_STANDARD = gnu99;
				GCC_DYNAMIC_NO_PIC = NO;
				GCC_NO_COMMON_BLOCKS = YES;
				GCC_OPTIMIZATION_LEVEL = 0;
				GCC_PREPROCESSOR_DEFINITIONS = (
					"DEBUG=1",
					"$(inherited)",
				);
				GCC_SYMBOLS_PRIVATE_EXTERN = NO;
				GCC_WARN_64_TO_32_BIT_CONVERSION = YES;
				GCC_WARN_ABOUT_RETURN_TYPE = YES_ERROR;
				GCC_WARN_UNDECLARED_SELECTOR = YES;
				GCC_WARN_UNINITIALIZED_AUTOS = YES_AGGRESSIVE;
				GCC_WARN_UNUSED_FUNCTION = YES;
				GCC_WARN_UNUSED_VARIABLE = YES;
				IPHONEOS_DEPLOYMENT_TARGET = 8.0;
				MTL_ENABLE_DEBUG_INFO = YES;
				ONLY_ACTIVE_ARCH = YES;
				SDKROOT = iphoneos;
			};
			name = Debug;
		};
		58B511EE1A9E6C8500147676 /* Release */ = {
			isa = XCBuildConfiguration;
			buildSettings = {
				ALWAYS_SEARCH_USER_PATHS = NO;
				CLANG_CXX_LANGUAGE_STANDARD = "gnu++0x";
				CLANG_CXX_LIBRARY = "libc++";
				CLANG_ENABLE_MODULES = YES;
				CLANG_ENABLE_OBJC_ARC = YES;
				CLANG_WARN_BOOL_CONVERSION = YES;
				CLANG_WARN_CONSTANT_CONVERSION = YES;
				CLANG_WARN_DIRECT_OBJC_ISA_USAGE = YES_ERROR;
				CLANG_WARN_EMPTY_BODY = YES;
				CLANG_WARN_ENUM_CONVERSION = YES;
				CLANG_WARN_INFINITE_RECURSION = YES;
				CLANG_WARN_INT_CONVERSION = YES;
				CLANG_WARN_OBJC_ROOT_CLASS = YES_ERROR;
				CLANG_WARN_SUSPICIOUS_MOVE = YES;
				CLANG_WARN_UNREACHABLE_CODE = YES;
				CLANG_WARN__DUPLICATE_METHOD_MATCH = YES;
				COPY_PHASE_STRIP = YES;
				ENABLE_NS_ASSERTIONS = NO;
				ENABLE_STRICT_OBJC_MSGSEND = YES;
				GCC_C_LANGUAGE_STANDARD = gnu99;
				GCC_NO_COMMON_BLOCKS = YES;
				GCC_WARN_64_TO_32_BIT_CONVERSION = YES;
				GCC_WARN_ABOUT_RETURN_TYPE = YES_ERROR;
				GCC_WARN_UNDECLARED_SELECTOR = YES;
				GCC_WARN_UNINITIALIZED_AUTOS = YES_AGGRESSIVE;
				GCC_WARN_UNUSED_FUNCTION = YES;
				GCC_WARN_UNUSED_VARIABLE = YES;
				IPHONEOS_DEPLOYMENT_TARGET = 8.0;
				MTL_ENABLE_DEBUG_INFO = NO;
				SDKROOT = iphoneos;
				VALIDATE_PRODUCT = YES;
			};
			name = Release;
		};
		58B511F01A9E6C8500147676 /* Debug */ = {
			isa = XCBuildConfiguration;
			buildSettings = {
				HEADER_SEARCH_PATHS = (
					"$(inherited)",
					/Applications/Xcode.app/Contents/Developer/Toolchains/XcodeDefault.xctoolchain/usr/include,
					"$(SRCROOT)/../../React/**",
					"$(SRCROOT)/../../node_modules/react-native/React/**",
				);
				LIBRARY_SEARCH_PATHS = "$(inherited)";
				OTHER_LDFLAGS = "-ObjC";
				PRODUCT_NAME = RNSync;
				SKIP_INSTALL = YES;
			};
			name = Debug;
		};
		58B511F11A9E6C8500147676 /* Release */ = {
			isa = XCBuildConfiguration;
			buildSettings = {
				HEADER_SEARCH_PATHS = (
					"$(inherited)",
					/Applications/Xcode.app/Contents/Developer/Toolchains/XcodeDefault.xctoolchain/usr/include,
					"$(SRCROOT)/../../React/**",
				);
				LIBRARY_SEARCH_PATHS = "$(inherited)";
				OTHER_LDFLAGS = "-ObjC";
				PRODUCT_NAME = RNSync;
				SKIP_INSTALL = YES;
			};
			name = Release;
		};
/* End XCBuildConfiguration section */

/* Begin XCConfigurationList section */
		58B511D61A9E6C8500147676 /* Build configuration list for PBXProject "RNSync" */ = {
			isa = XCConfigurationList;
			buildConfigurations = (
				58B511ED1A9E6C8500147676 /* Debug */,
				58B511EE1A9E6C8500147676 /* Release */,
			);
			defaultConfigurationIsVisible = 0;
			defaultConfigurationName = Release;
		};
		58B511EF1A9E6C8500147676 /* Build configuration list for PBXNativeTarget "RNSync" */ = {
			isa = XCConfigurationList;
			buildConfigurations = (
				58B511F01A9E6C8500147676 /* Debug */,
				58B511F11A9E6C8500147676 /* Release */,
			);
			defaultConfigurationIsVisible = 0;
			defaultConfigurationName = Release;
		};
/* End XCConfigurationList section */
	};
	rootObject = 58B511D31A9E6C8500147676 /* Project object */;
}
